{
  "version": "3",
  "redirects": {
    "https://esm.sh/react@^18.2.0": "https://esm.sh/react@18.2.0",
    "https://esm.sh/v128/@types/react@~18.2/index.d.ts": "https://esm.sh/v128/@types/react@18.2.38/index.d.ts",
    "https://esm.sh/v128/@types/react@~18.2/jsx-runtime~.d.ts": "https://esm.sh/v128/@types/react@18.2.38/jsx-runtime~.d.ts"
  },
  "remote": {
    "https://esm.sh/react@18.2.0/jsx-runtime": "914a55a07c388d345c5a0c11616ee5282242e8b8dfd0d505b83500ea04fd9870",
    "https://esm.sh/stable/react@18.2.0/denonext/jsx-runtime.js": "54d8a51c6ca025380abd2d5302e4a9b38ff835d9759c4657e52314f587eaf6bf",
    "https://esm.sh/stable/react@18.2.0/denonext/react.mjs": "3c4f23bcfc53b256fcfaf6f834fa9f584c3bb7be667b2682c6cb6ba8ef88f8e6"
  }
}
